
Microsoft Visual Studio Solution File, Format Version 12.00
# Visual Studio Version 17
VisualStudioVersion = 17.9.34714.143
MinimumVisualStudioVersion = 10.0.40219.1
Project("{FAE04EC0-301F-11D3-BF4B-00C04F79EFBC}") = "AcompanharVidAula", "AcompanharVidAula\AcompanharVidAula.csproj", "{3FA5A8DA-1BC1-4F78-9107-C1248DBA089B}"
EndProject
Global
	GlobalSection(SolutionConfigurationPlatforms) = preSolution
		Debug|Any CPU = Debug|Any CPU
		Release|Any CPU = Release|Any CPU
	EndGlobalSection
	GlobalSection(ProjectConfigurationPlatforms) = postSolution
		{3FA5A8DA-1BC1-4F78-9107-C1248DBA089B}.Debug|Any CPU.ActiveCfg = Debug|Any CPU
		{3FA5A8DA-1BC1-4F78-9107-C1248DBA089B}.Debug|Any CPU.Build.0 = Debug|Any CPU
		{3FA5A8DA-1BC1-4F78-9107-C1248DBA089B}.Release|Any CPU.ActiveCfg = Release|Any CPU
		{3FA5A8DA-1BC1-4F78-9107-C1248DBA089B}.Release|Any CPU.Build.0 = Release|Any CPU
	EndGlobalSection
	GlobalSection(SolutionProperties) = preSolution
		HideSolutionNode = FALSE
	EndGlobalSection
	GlobalSection(ExtensibilityGlobals) = postSolution
		SolutionGuid = {9E50DD7B-F240-4870-BB3C-0B68BEC50F8C}
	EndGlobalSection
EndGlobal
